
Microsoft Visual Studio Solution File, Format Version 12.00
# Visual Studio Version 16
VisualStudioVersion = 16.0.30717.126
MinimumVisualStudioVersion = 10.0.40219.1
Project("{9A19103F-16F7-4668-BE54-9A1E7A4F7556}") = "ApiCore5", "ApiCore5\ApiCore5.csproj", "{E856A9BD-3D50-40C6-9224-FAB40DE0266F}"
EndProject
Global
	GlobalSection(SolutionConfigurationPlatforms) = preSolution
		Debug|Any CPU = Debug|Any CPU
		Release|Any CPU = Release|Any CPU
	EndGlobalSection
	GlobalSection(ProjectConfigurationPlatforms) = postSolution
		{E856A9BD-3D50-40C6-9224-FAB40DE0266F}.Debug|Any CPU.ActiveCfg = Debug|Any CPU
		{E856A9BD-3D50-40C6-9224-FAB40DE0266F}.Debug|Any CPU.Build.0 = Debug|Any CPU
		{E856A9BD-3D50-40C6-9224-FAB40DE0266F}.Release|Any CPU.ActiveCfg = Release|Any CPU
		{E856A9BD-3D50-40C6-9224-FAB40DE0266F}.Release|Any CPU.Build.0 = Release|Any CPU
	EndGlobalSection
	GlobalSection(SolutionProperties) = preSolution
		HideSolutionNode = FALSE
	EndGlobalSection
	GlobalSection(ExtensibilityGlobals) = postSolution
		SolutionGuid = {157DF728-1279-4C63-9A33-1687AA3C3464}
	EndGlobalSection
EndGlobal
